[random]
url = "https://github.com/WebAssembly/wasi-random/archive/5d9ac6bcca265819ded0d39593237d95381cbcf0.tar.gz"
sha256 = "7371d03c037d924caba2587fb2e7c5773a0d3c5fcecbf7971e0e0ba57973c53d"
sha512 = "964c4e8925a53078e4d94ba907b54f89a0b7e154f46823a505391471466c17f53c8692682e5c85771712acd88b348686173fc07c53a3cfe3d301b8cd8ddd0de4"
